
Microsoft Visual Studio Solution File, Format Version 12.00
# Visual Studio Version 16
VisualStudioVersion = 16.0.29326.143
MinimumVisualStudioVersion = 10.0.40219.1
Project("{FAE04EC0-301F-11D3-BF4B-00C04F79EFBC}") = "Demo.HL7MessageParser", "Demo.HL7MessageParser\Demo.HL7MessageParser.csproj", "{BE8C3682-2147-4458-B6D7-9EA9C8F22A92}"
EndProject
Project("{FAE04EC0-301F-11D3-BF4B-00C04F79EFBC}") = "Demo.HL7MessageParser.Models", "Demo.HL7MessageParser.Models\Demo.HL7MessageParser.Models.csproj", "{4E61A17F-CC30-4F3E-8CFC-2F1ED9594B04}"
EndProject
Project("{2150E333-8FDC-42A3-9474-1A3956D46DE8}") = "Test", "Test", "{037346C3-82F2-421A-A92F-B37F2B9A1555}"
EndProject
Project("{FAE04EC0-301F-11D3-BF4B-00C04F79EFBC}") = "Demo.HL7MessageParser.ServiceSimulator.Test", "Demo.HL7MessageParser.ServiceSimulator.Test\Demo.HL7MessageParser.ServiceSimulator.Test.csproj", "{65AF1249-0E75-47D2-8A3D-9579BB86D0D7}"
	ProjectSection(ProjectDependencies) = postProject
		{8C923817-2871-41D8-AD25-F74136BB7066} = {8C923817-2871-41D8-AD25-F74136BB7066}
		{7CF63643-7D3D-4D7A-AA55-9F8A6F876678} = {7CF63643-7D3D-4D7A-AA55-9F8A6F876678}
	EndProjectSection
EndProject
Project("{FAE04EC0-301F-11D3-BF4B-00C04F79EFBC}") = "Demo.SoapServcie", "Demo.SoapServcie\Demo.SoapServcie.csproj", "{8C923817-2871-41D8-AD25-F74136BB7066}"
EndProject
Project("{FAE04EC0-301F-11D3-BF4B-00C04F79EFBC}") = "Demo.HL7MessageParser.Common", "Demo.HL7MessageParser.Common\Demo.HL7MessageParser.Common.csproj", "{6F4FAD1F-036A-4376-A685-814110E776C9}"
EndProject
Project("{2150E333-8FDC-42A3-9474-1A3956D46DE8}") = "ref", "ref", "{6C372EF8-8740-4667-9C6B-9901D3D2C00A}"
	ProjectSection(SolutionItems) = preProject
		ref\Microsoft.Web.Services3.dll = ref\Microsoft.Web.Services3.dll
	EndProjectSection
EndProject
Project("{FAE04EC0-301F-11D3-BF4B-00C04F79EFBC}") = "Demo.HL7MessageParser.Test", "Demo.HL7MessageParser.Test\Demo.HL7MessageParser.Test.csproj", "{E80A22B4-476F-4D01-8418-3D3AEC878C05}"
EndProject
Project("{FAE04EC0-301F-11D3-BF4B-00C04F79EFBC}") = "Demo.RESTServcie", "Demo.RESTServcie\Demo.RESTServcie.csproj", "{ABF8A41F-AF63-4307-9F8A-13A968BB772D}"
EndProject
Project("{FAE04EC0-301F-11D3-BF4B-00C04F79EFBC}") = "Demo.HL7MessageParser.WinForms", "Demo.HL7MessageParser.WinForms\Demo.HL7MessageParser.WinForms.csproj", "{4C63DB34-3612-443D-B31E-9D84CB848915}"
EndProject
Project("{2150E333-8FDC-42A3-9474-1A3956D46DE8}") = "Data", "Data", "{5A6E0108-98D9-44CF-876C-BC514D0098D0}"
	ProjectSection(SolutionItems) = preProject
		Demo.HL7MessageParser\Soap_Patient.xml = Demo.HL7MessageParser\Soap_Patient.xml
	EndProjectSection
EndProject
Project("{2150E333-8FDC-42A3-9474-1A3956D46DE8}") = "AP", "AP", "{A902BCE8-868A-477C-9B43-10EB4B53D240}"
	ProjectSection(SolutionItems) = preProject
		Data\AP\HN03191100Y.json = Data\AP\HN03191100Y.json
		Data\AP\HN170002512.json = Data\AP\HN170002512.json
		Data\AP\HN170002520.json = Data\AP\HN170002520.json
		Data\AP\HN17000256S.json = Data\AP\HN17000256S.json
		Data\AP\HN18001140Y.json = Data\AP\HN18001140Y.json
		Data\AP\INVALID_ACCESSCODE.json = Data\AP\INVALID_ACCESSCODE.json
		Data\AP\INVALID_HKID.json = Data\AP\INVALID_HKID.json
		Data\AP\INVALID_PATIENT.json = Data\AP\INVALID_PATIENT.json
	EndProjectSection
EndProject
Project("{2150E333-8FDC-42A3-9474-1A3956D46DE8}") = "MP", "MP", "{19DA17F4-2945-4D80-B22D-4197A2B4026D}"
	ProjectSection(SolutionItems) = preProject
		Data\MP\HN03191100Y.json = Data\MP\HN03191100Y.json
		Data\MP\HN170002512.json = Data\MP\HN170002512.json
		Data\MP\HN170002520.json = Data\MP\HN170002520.json
		Data\MP\HN17000256S.json = Data\MP\HN17000256S.json
		Data\MP\HN18001140Y.json = Data\MP\HN18001140Y.json
		Data\MP\HN191068129.json = Data\MP\HN191068129.json
		Data\MP\HN191099571.json = Data\MP\HN191099571.json
	EndProjectSection
EndProject
Project("{2150E333-8FDC-42A3-9474-1A3956D46DE8}") = "Solution Items", "Solution Items", "{4D68A9A2-9C15-4E07-94D8-3E9B2407A1F4}"
	ProjectSection(SolutionItems) = preProject
		doc.txt = doc.txt
	EndProjectSection
EndProject
Project("{2150E333-8FDC-42A3-9474-1A3956D46DE8}") = "RQ", "RQ", "{44CDDBF7-219A-4BB0-B902-6987B6C2A176}"
	ProjectSection(SolutionItems) = preProject
		Data\AP\RQ\HN03191100Y.xml = Data\AP\RQ\HN03191100Y.xml
		Data\AP\RQ\HN170002512.xml = Data\AP\RQ\HN170002512.xml
		Data\AP\RQ\HN170002520.xml = Data\AP\RQ\HN170002520.xml
		Data\AP\RQ\HN17000256S.xml = Data\AP\RQ\HN17000256S.xml
		Data\AP\RQ\HN18001140Y.xml = Data\AP\RQ\HN18001140Y.xml
		Data\AP\RQ\INVALID_ACCESSCODE.xml = Data\AP\RQ\INVALID_ACCESSCODE.xml
		Data\AP\RQ\INVALID_HKID.xml = Data\AP\RQ\INVALID_HKID.xml
		Data\AP\RQ\INVALID_PATIENT.xml = Data\AP\RQ\INVALID_PATIENT.xml
	EndProjectSection
EndProject
Project("{FAE04EC0-301F-11D3-BF4B-00C04F79EFBC}") = "Demo.HL7MessageParser.DTOs", "Demo.HL7MessageParser.DTOs\Demo.HL7MessageParser.DTOs.csproj", "{E1F8AB24-9D6E-43D2-A3F6-BBC290FD2144}"
EndProject
Project("{2150E333-8FDC-42A3-9474-1A3956D46DE8}") = "PE", "PE", "{D0E66100-869F-4576-A079-C5C0B0F7EB1B}"
	ProjectSection(SolutionItems) = preProject
		Data\PE\HN03191100Y.xml = Data\PE\HN03191100Y.xml
		Data\PE\HN170002512.xml = Data\PE\HN170002512.xml
		Data\PE\HN170002520.xml = Data\PE\HN170002520.xml
		Data\PE\HN17000256S.xml = Data\PE\HN17000256S.xml
		Data\PE\HN18001140Y.xml = Data\PE\HN18001140Y.xml
		Data\PE\HN191068129.xml = Data\PE\HN191068129.xml
		Data\PE\HN191099571.xml = Data\PE\HN191099571.xml
	EndProjectSection
EndProject
Project("{FAE04EC0-301F-11D3-BF4B-00C04F79EFBC}") = "Demp.SimpleSoapService", "Demp.SimpleSoapService\Demp.SimpleSoapService.csproj", "{7CF63643-7D3D-4D7A-AA55-9F8A6F876678}"
EndProject
Project("{2150E333-8FDC-42A3-9474-1A3956D46DE8}") = "MDS", "MDS", "{1442D4B8-6B5B-4227-BF1C-C457E7B13FD0}"
	ProjectSection(SolutionItems) = preProject
		Data\MDS\HN130005510.json = Data\MDS\HN130005510.json
		Data\MDS\HN170002520.json = Data\MDS\HN170002520.json
	EndProjectSection
EndProject
Project("{2150E333-8FDC-42A3-9474-1A3956D46DE8}") = "DM", "DM", "{EED021E0-62B9-4A39-849A-18D23C8ABDD9}"
EndProject
Project("{2150E333-8FDC-42A3-9474-1A3956D46DE8}") = "getPreparation", "getPreparation", "{F721A3DF-9D67-440C-95E6-72BA3E6B1840}"
	ProjectSection(SolutionItems) = preProject
		Data\DM\getPreparation\AMET02.xml = Data\DM\getPreparation\AMET02.xml
		Data\DM\getPreparation\METH66.xml = Data\DM\getPreparation\METH66.xml
	EndProjectSection
EndProject
Project("{2150E333-8FDC-42A3-9474-1A3956D46DE8}") = "getDrugMdsPropertyHq", "getDrugMdsPropertyHq", "{785EB32E-E008-4BAD-9B8A-967D819FB593}"
	ProjectSection(SolutionItems) = preProject
		Data\DM\getDrugMdsPropertyHq\1.xml = Data\DM\getDrugMdsPropertyHq\1.xml
	EndProjectSection
EndProject
Project("{2150E333-8FDC-42A3-9474-1A3956D46DE8}") = "Req", "Req", "{87C1AAA2-1497-4301-A2DE-BFE4B9BEAE2D}"
	ProjectSection(SolutionItems) = preProject
		Data\DM\getPreparation\Req\AMET02.xml = Data\DM\getPreparation\Req\AMET02.xml
		Data\DM\getPreparation\Req\METH66.xml = Data\DM\getPreparation\Req\METH66.xml
	EndProjectSection
EndProject
Project("{2150E333-8FDC-42A3-9474-1A3956D46DE8}") = "Req", "Req", "{8EB05B79-87EF-423A-B0A5-9093A89A8939}"
	ProjectSection(SolutionItems) = preProject
		Data\DM\getDrugMdsPropertyHq\Req\1.xml = Data\DM\getDrugMdsPropertyHq\Req\1.xml
	EndProjectSection
EndProject
Global
	GlobalSection(SolutionConfigurationPlatforms) = preSolution
		Debug|Any CPU = Debug|Any CPU
		Release|Any CPU = Release|Any CPU
	EndGlobalSection
	GlobalSection(ProjectConfigurationPlatforms) = postSolution
		{BE8C3682-2147-4458-B6D7-9EA9C8F22A92}.Debug|Any CPU.ActiveCfg = Debug|Any CPU
		{BE8C3682-2147-4458-B6D7-9EA9C8F22A92}.Debug|Any CPU.Build.0 = Debug|Any CPU
		{BE8C3682-2147-4458-B6D7-9EA9C8F22A92}.Release|Any CPU.ActiveCfg = Release|Any CPU
		{BE8C3682-2147-4458-B6D7-9EA9C8F22A92}.Release|Any CPU.Build.0 = Release|Any CPU
		{4E61A17F-CC30-4F3E-8CFC-2F1ED9594B04}.Debug|Any CPU.ActiveCfg = Debug|Any CPU
		{4E61A17F-CC30-4F3E-8CFC-2F1ED9594B04}.Debug|Any CPU.Build.0 = Debug|Any CPU
		{4E61A17F-CC30-4F3E-8CFC-2F1ED9594B04}.Release|Any CPU.ActiveCfg = Release|Any CPU
		{4E61A17F-CC30-4F3E-8CFC-2F1ED9594B04}.Release|Any CPU.Build.0 = Release|Any CPU
		{65AF1249-0E75-47D2-8A3D-9579BB86D0D7}.Debug|Any CPU.ActiveCfg = Debug|Any CPU
		{65AF1249-0E75-47D2-8A3D-9579BB86D0D7}.Debug|Any CPU.Build.0 = Debug|Any CPU
		{65AF1249-0E75-47D2-8A3D-9579BB86D0D7}.Release|Any CPU.ActiveCfg = Release|Any CPU
		{65AF1249-0E75-47D2-8A3D-9579BB86D0D7}.Release|Any CPU.Build.0 = Release|Any CPU
		{8C923817-2871-41D8-AD25-F74136BB7066}.Debug|Any CPU.ActiveCfg = Debug|Any CPU
		{8C923817-2871-41D8-AD25-F74136BB7066}.Debug|Any CPU.Build.0 = Debug|Any CPU
		{8C923817-2871-41D8-AD25-F74136BB7066}.Release|Any CPU.ActiveCfg = Release|Any CPU
		{8C923817-2871-41D8-AD25-F74136BB7066}.Release|Any CPU.Build.0 = Release|Any CPU
		{6F4FAD1F-036A-4376-A685-814110E776C9}.Debug|Any CPU.ActiveCfg = Debug|Any CPU
		{6F4FAD1F-036A-4376-A685-814110E776C9}.Debug|Any CPU.Build.0 = Debug|Any CPU
		{6F4FAD1F-036A-4376-A685-814110E776C9}.Release|Any CPU.ActiveCfg = Release|Any CPU
		{6F4FAD1F-036A-4376-A685-814110E776C9}.Release|Any CPU.Build.0 = Release|Any CPU
		{E80A22B4-476F-4D01-8418-3D3AEC878C05}.Debug|Any CPU.ActiveCfg = Debug|Any CPU
		{E80A22B4-476F-4D01-8418-3D3AEC878C05}.Debug|Any CPU.Build.0 = Debug|Any CPU
		{E80A22B4-476F-4D01-8418-3D3AEC878C05}.Release|Any CPU.ActiveCfg = Release|Any CPU
		{E80A22B4-476F-4D01-8418-3D3AEC878C05}.Release|Any CPU.Build.0 = Release|Any CPU
		{ABF8A41F-AF63-4307-9F8A-13A968BB772D}.Debug|Any CPU.ActiveCfg = Debug|Any CPU
		{ABF8A41F-AF63-4307-9F8A-13A968BB772D}.Debug|Any CPU.Build.0 = Debug|Any CPU
		{ABF8A41F-AF63-4307-9F8A-13A968BB772D}.Release|Any CPU.ActiveCfg = Release|Any CPU
		{ABF8A41F-AF63-4307-9F8A-13A968BB772D}.Release|Any CPU.Build.0 = Release|Any CPU
		{4C63DB34-3612-443D-B31E-9D84CB848915}.Debug|Any CPU.ActiveCfg = Debug|Any CPU
		{4C63DB34-3612-443D-B31E-9D84CB848915}.Debug|Any CPU.Build.0 = Debug|Any CPU
		{4C63DB34-3612-443D-B31E-9D84CB848915}.Release|Any CPU.ActiveCfg = Release|Any CPU
		{4C63DB34-3612-443D-B31E-9D84CB848915}.Release|Any CPU.Build.0 = Release|Any CPU
		{E1F8AB24-9D6E-43D2-A3F6-BBC290FD2144}.Debug|Any CPU.ActiveCfg = Debug|Any CPU
		{E1F8AB24-9D6E-43D2-A3F6-BBC290FD2144}.Debug|Any CPU.Build.0 = Debug|Any CPU
		{E1F8AB24-9D6E-43D2-A3F6-BBC290FD2144}.Release|Any CPU.ActiveCfg = Release|Any CPU
		{E1F8AB24-9D6E-43D2-A3F6-BBC290FD2144}.Release|Any CPU.Build.0 = Release|Any CPU
		{7CF63643-7D3D-4D7A-AA55-9F8A6F876678}.Debug|Any CPU.ActiveCfg = Debug|Any CPU
		{7CF63643-7D3D-4D7A-AA55-9F8A6F876678}.Debug|Any CPU.Build.0 = Debug|Any CPU
		{7CF63643-7D3D-4D7A-AA55-9F8A6F876678}.Release|Any CPU.ActiveCfg = Release|Any CPU
		{7CF63643-7D3D-4D7A-AA55-9F8A6F876678}.Release|Any CPU.Build.0 = Release|Any CPU
	EndGlobalSection
	GlobalSection(SolutionProperties) = preSolution
		HideSolutionNode = FALSE
	EndGlobalSection
	GlobalSection(NestedProjects) = preSolution
		{65AF1249-0E75-47D2-8A3D-9579BB86D0D7} = {037346C3-82F2-421A-A92F-B37F2B9A1555}
		{E80A22B4-476F-4D01-8418-3D3AEC878C05} = {037346C3-82F2-421A-A92F-B37F2B9A1555}
		{A902BCE8-868A-477C-9B43-10EB4B53D240} = {5A6E0108-98D9-44CF-876C-BC514D0098D0}
		{19DA17F4-2945-4D80-B22D-4197A2B4026D} = {5A6E0108-98D9-44CF-876C-BC514D0098D0}
		{44CDDBF7-219A-4BB0-B902-6987B6C2A176} = {A902BCE8-868A-477C-9B43-10EB4B53D240}
		{D0E66100-869F-4576-A079-C5C0B0F7EB1B} = {5A6E0108-98D9-44CF-876C-BC514D0098D0}
		{1442D4B8-6B5B-4227-BF1C-C457E7B13FD0} = {5A6E0108-98D9-44CF-876C-BC514D0098D0}
		{EED021E0-62B9-4A39-849A-18D23C8ABDD9} = {5A6E0108-98D9-44CF-876C-BC514D0098D0}
		{F721A3DF-9D67-440C-95E6-72BA3E6B1840} = {EED021E0-62B9-4A39-849A-18D23C8ABDD9}
		{785EB32E-E008-4BAD-9B8A-967D819FB593} = {EED021E0-62B9-4A39-849A-18D23C8ABDD9}
		{87C1AAA2-1497-4301-A2DE-BFE4B9BEAE2D} = {F721A3DF-9D67-440C-95E6-72BA3E6B1840}
		{8EB05B79-87EF-423A-B0A5-9093A89A8939} = {785EB32E-E008-4BAD-9B8A-967D819FB593}
	EndGlobalSection
	GlobalSection(ExtensibilityGlobals) = postSolution
		SolutionGuid = {64A04E52-286E-4C99-9020-002615A1B03E}
	EndGlobalSection
EndGlobal
